// !$*UTF8*$!
{
	archiveVersion = 1;
	classes = {
	};
	objectVersion = 46;
	objects = {

/* Begin PBXBuildFile section */
		06760D4F1BABC1A200CE0729 /* AppDelegate.swift in Sources */ = {isa = PBXBuildFile; fileRef = 06760D4E1BABC1A200CE0729 /* AppDelegate.swift */; };
		06760D511BABC1A200CE0729 /* ViewController.swift in Sources */ = {isa = PBXBuildFile; fileRef = 06760D501BABC1A200CE0729 /* ViewController.swift */; };
		06760D541BABC1A200CE0729 /* Main.storyboard in Resources */ = {isa = PBXBuildFile; fileRef = 06760D521BABC1A200CE0729 /* Main.storyboard */; };
		06760D561BABC1A200CE0729 /* Images.xcassets in Resources */ = {isa = PBXBuildFile; fileRef = 06760D551BABC1A200CE0729 /* Images.xcassets */; };
		06760D591BABC1A200CE0729 /* LaunchScreen.xib in Resources */ = {isa = PBXBuildFile; fileRef = 06760D571BABC1A200CE0729 /* LaunchScreen.xib */; };
		06760D651BABC1A200CE0729 /* Bowling_TrackerTests.swift in Sources */ = {isa = PBXBuildFile; fileRef = 06760D641BABC1A200CE0729 /* Bowling_TrackerTests.swift */; };
/* End PBXBuildFile section */

/* Begin PBXContainerItemProxy section */
		06760D5F1BABC1A200CE0729 /* PBXContainerItemProxy */ = {
			isa = PBXContainerItemProxy;
			containerPortal = 06760D411BABC1A200CE0729 /* Project object */;
			proxyType = 1;
			remoteGlobalIDString = 06760D481BABC1A200CE0729;
			remoteInfo = "Bowling Tracker";
		};
/* End PBXContainerItemProxy section */

/* Begin PBXFileReference section */
		06760D491BABC1A200CE0729 /* Bowling Tracker.app */ = {isa = PBXFileReference; explicitFileType = wrapper.application; includeInIndex = 0; path = "Bowling Tracker.app"; sourceTree = BUILT_PRODUCTS_DIR; };
		06760D4D1BABC1A200CE0729 /* Info.plist */ = {isa = PBXFileReference; lastKnownFileType = text.plist.xml; path = Info.plist; sourceTree = "<group>"; };
		06760D4E1BABC1A200CE0729 /* AppDelegate.swift */ = {isa = PBXFileReference; lastKnownFileType = sourcecode.swift; path = AppDelegate.swift; sourceTree = "<group>"; };
		06760D501BABC1A200CE0729 /* ViewController.swift */ = {isa = PBXFileReference; lastKnownFileType = sourcecode.swift; path = ViewController.swift; sourceTree = "<group>"; };
		06760D531BABC1A200CE0729 /* Base */ = {isa = PBXFileReference; lastKnownFileType = file.storyboard; name = Base; path = Base.lproj/Main.storyboard; sourceTree = "<group>"; };
		06760D551BABC1A200CE0729 /* Images.xcassets */ = {isa = PBXFileReference; lastKnownFileType = folder.assetcatalog; path = Images.xcassets; sourceTree = "<group>"; };
		06760D581BABC1A200CE0729 /* Base */ = {isa = PBXFileReference; lastKnownFileType = file.xib; name = Base; path = Base.lproj/LaunchScreen.xib; sourceTree = "<group>"; };
		06760D5E1BABC1A200CE0729 /* Bowling TrackerTests.xctest */ = {isa = PBXFileReference; explicitFileType = wrapper.cfbundle; includeInIndex = 0; path = "Bowling TrackerTests.xctest"; sourceTree = BUILT_PRODUCTS_DIR; };
		06760D631BABC1A200CE0729 /* Info.plist */ = {isa = PBXFileReference; lastKnownFileType = text.plist.xml; path = Info.plist; sourceTree = "<group>"; };
		06760D641BABC1A200CE0729 /* Bowling_TrackerTests.swift */ = {isa = PBXFileReference; lastKnownFileType = sourcecode.swift; path = Bowling_TrackerTests.swift; sourceTree = "<group>"; };
/* End PBXFileReference section */

/* Begin PBXFrameworksBuildPhase section */
		06760D461BABC1A200CE0729 /* Frameworks */ = {
			isa = PBXFrameworksBuildPhase;
			buildActionMask = 2147483647;
			files = (
			);
			runOnlyForDeploymentPostprocessing = 0;
		};
		06760D5B1BABC1A200CE0729 /* Frameworks */ = {
			isa = PBXFrameworksBuildPhase;
			buildActionMask = 2147483647;
			files = (
			);
			runOnlyForDeploymentPostprocessing = 0;
		};
/* End PBXFrameworksBuildPhase section */

/* Begin PBXGroup section */
		06760D401BABC1A200CE0729 = {
			isa = PBXGroup;
			children = (
				06760D4B1BABC1A200CE0729 /* Bowling Tracker */,
				06760D611BABC1A200CE0729 /* Bowling TrackerTests */,
				06760D4A1BABC1A200CE0729 /* Products */,
			);
			sourceTree = "<group>";
		};
		06760D4A1BABC1A200CE0729 /* Products */ = {
			isa = PBXGroup;
			children = (
				06760D491BABC1A200CE0729 /* Bowling Tracker.app */,
				06760D5E1BABC1A200CE0729 /* Bowling TrackerTests.xctest */,
			);
			name = Products;
			sourceTree = "<group>";
		};
		06760D4B1BABC1A200CE0729 /* Bowling Tracker */ = {
			isa = PBXGroup;
			children = (
				06760D4E1BABC1A200CE0729 /* AppDelegate.swift */,
				06760D501BABC1A200CE0729 /* ViewController.swift */,
				06760D521BABC1A200CE0729 /* Main.storyboard */,
				06760D551BABC1A200CE0729 /* Images.xcassets */,
				06760D571BABC1A200CE0729 /* LaunchScreen.xib */,
				06760D4C1BABC1A200CE0729 /* Supporting Files */,
			);
			path = "Bowling Tracker";
			sourceTree = "<group>";
		};
		06760D4C1BABC1A200CE0729 /* Supporting Files */ = {
			isa = PBXGroup;
			children = (
				06760D4D1BABC1A200CE0729 /* Info.plist */,
			);
			name = "Supporting Files";
			sourceTree = "<group>";
		};
		06760D611BABC1A200CE0729 /* Bowling TrackerTests */ = {
			isa = PBXGroup;
			children = (
				06760D641BABC1A200CE0729 /* Bowling_TrackerTests.swift */,
				06760D621BABC1A200CE0729 /* Supporting Files */,
			);
			path = "Bowling TrackerTests";
			sourceTree = "<group>";
		};
		06760D621BABC1A200CE0729 /* Supporting Files */ = {
			isa = PBXGroup;
			children = (
				06760D631BABC1A200CE0729 /* Info.plist */,
			);
			name = "Supporting Files";
			sourceTree = "<group>";
		};
/* End PBXGroup section */

/* Begin PBXNativeTarget section */
		06760D481BABC1A200CE0729 /* Bowling Tracker */ = {
			isa = PBXNativeTarget;
			buildConfigurationList = 06760D681BABC1A200CE0729 /* Build configuration list for PBXNativeTarget "Bowling Tracker" */;
			buildPhases = (
				06760D451BABC1A200CE0729 /* Sources */,
				06760D461BABC1A200CE0729 /* Frameworks */,
				06760D471BABC1A200CE0729 /* Resources */,
			);
			buildRules = (
			);
			dependencies = (
			);
			name = "Bowling Tracker";
			productName = "Bowling Tracker";
			productReference = 06760D491BABC1A200CE0729 /* Bowling Tracker.app */;
			productType = "com.apple.product-type.application";
		};
		06760D5D1BABC1A200CE0729 /* Bowling TrackerTests */ = {
			isa = PBXNativeTarget;
			buildConfigurationList = 06760D6B1BABC1A200CE0729 /* Build configuration list for PBXNativeTarget "Bowling TrackerTests" */;
			buildPhases = (
				06760D5A1BABC1A200CE0729 /* Sources */,
				06760D5B1BABC1A200CE0729 /* Frameworks */,
				06760D5C1BABC1A200CE0729 /* Resources */,
			);
			buildRules = (
			);
			dependencies = (
				06760D601BABC1A200CE0729 /* PBXTargetDependency */,
			);
			name = "Bowling TrackerTests";
			productName = "Bowling TrackerTests";
			productReference = 06760D5E1BABC1A200CE0729 /* Bowling TrackerTests.xctest */;
			productType = "com.apple.product-type.bundle.unit-test";
		};
/* End PBXNativeTarget section */

/* Begin PBXProject section */
		06760D411BABC1A200CE0729 /* Project object */ = {
			isa = PBXProject;
			attributes = {
				LastUpgradeCheck = 0640;
				ORGANIZATIONNAME = "Super Sean Inc.";
				TargetAttributes = {
					06760D481BABC1A200CE0729 = {
						CreatedOnToolsVersion = 6.4;
					};
					06760D5D1BABC1A200CE0729 = {
						CreatedOnToolsVersion = 6.4;
						TestTargetID = 06760D481BABC1A200CE0729;
					};
				};
			};
			buildConfigurationList = 06760D441BABC1A200CE0729 /* Build configuration list for PBXProject "Bowling Tracker" */;
			compatibilityVersion = "Xcode 3.2";
			developmentRegion = English;
			hasScannedForEncodings = 0;
			knownRegions = (
				en,
				Base,
			);
			mainGroup = 06760D401BABC1A200CE0729;
			productRefGroup = 06760D4A1BABC1A200CE0729 /* Products */;
			projectDirPath = "";
			projectRoot = "";
			targets = (
				06760D481BABC1A200CE0729 /* Bowling Tracker */,
				06760D5D1BABC1A200CE0729 /* Bowling TrackerTests */,
			);
		};
/* End PBXProject section */

/* Begin PBXResourcesBuildPhase section */
		06760D471BABC1A200CE0729 /* Resources */ = {
			isa = PBXResourcesBuildPhase;
			buildActionMask = 2147483647;
			files = (
				06760D541BABC1A200CE0729 /* Main.storyboard in Resources */,
				06760D591BABC1A200CE0729 /* LaunchScreen.xib in Resources */,
				06760D561BABC1A200CE0729 /* Images.xcassets in Resources */,
			);
			runOnlyForDeploymentPostprocessing = 0;
		};
		06760D5C1BABC1A200CE0729 /* Resources */ = {
			isa = PBXResourcesBuildPhase;
			buildActionMask = 2147483647;
			files = (
			);
			runOnlyForDeploymentPostprocessing = 0;
		};
/* End PBXResourcesBuildPhase section */

/* Begin PBXSourcesBuildPhase section */
		06760D451BABC1A200CE0729 /* Sources */ = {
			isa = PBXSourcesBuildPhase;
			buildActionMask = 2147483647;
			files = (
				06760D511BABC1A200CE0729 /* ViewController.swift in Sources */,
				06760D4F1BABC1A200CE0729 /* AppDelegate.swift in Sources */,
			);
			runOnlyForDeploymentPostprocessing = 0;
		};
		06760D5A1BABC1A200CE0729 /* Sources */ = {
			isa = PBXSourcesBuildPhase;
			buildActionMask = 2147483647;
			files = (
				06760D651BABC1A200CE0729 /* Bowling_TrackerTests.swift in Sources */,
			);
			runOnlyForDeploymentPostprocessing = 0;
		};
/* End PBXSourcesBuildPhase section */

/* Begin PBXTargetDependency section */
		06760D601BABC1A200CE0729 /* PBXTargetDependency */ = {
			isa = PBXTargetDependency;
			target = 06760D481BABC1A200CE0729 /* Bowling Tracker */;
			targetProxy = 06760D5F1BABC1A200CE0729 /* PBXContainerItemProxy */;
		};
/* End PBXTargetDependency section */

/* Begin PBXVariantGroup section */
		06760D521BABC1A200CE0729 /* Main.storyboard */ = {
			isa = PBXVariantGroup;
			children = (
				06760D531BABC1A200CE0729 /* Base */,
			);
			name = Main.storyboard;
			sourceTree = "<group>";
		};
		06760D571BABC1A200CE0729 /* LaunchScreen.xib */ = {
			isa = PBXVariantGroup;
			children = (
				06760D581BABC1A200CE0729 /* Base */,
			);
			name = LaunchScreen.xib;
			sourceTree = "<group>";
		};
/* End PBXVariantGroup section */

/* Begin XCBuildConfiguration section */
		06760D661BABC1A200CE0729 /* Debug */ = {
			isa = XCBuildConfiguration;
			buildSettings = {
				ALWAYS_SEARCH_USER_PATHS = NO;
				CLANG_CXX_LANGUAGE_STANDARD = "gnu++0x";
				CLANG_CXX_LIBRARY = "libc++";
				CLANG_ENABLE_MODULES = YES;
				CLANG_ENABLE_OBJC_ARC = YES;
				CLANG_WARN_BOOL_CONVERSION = YES;
				CLANG_WARN_CONSTANT_CONVERSION = YES;
				CLANG_WARN_DIRECT_OBJC_ISA_USAGE = YES_ERROR;
				CLANG_WARN_EMPTY_BODY = YES;
				CLANG_WARN_ENUM_CONVERSION = YES;
				CLANG_WARN_INT_CONVERSION = YES;
				CLANG_WARN_OBJC_ROOT_CLASS = YES_ERROR;
				CLANG_WARN_UNREACHABLE_CODE = YES;
				CLANG_WARN__DUPLICATE_METHOD_MATCH = YES;
				"CODE_SIGN_IDENTITY[sdk=iphoneos*]" = "iPhone Developer";
				COPY_PHASE_STRIP = NO;
				DEBUG_INFORMATION_FORMAT = "dwarf-with-dsym";
				ENABLE_STRICT_OBJC_MSGSEND = YES;
				GCC_C_LANGUAGE_STANDARD = gnu99;
				GCC_DYNAMIC_NO_PIC = NO;
				GCC_NO_COMMON_BLOCKS = YES;
				GCC_OPTIMIZATION_LEVEL = 0;
				GCC_PREPROCESSOR_DEFINITIONS = (
					"DEBUG=1",
					"$(inherited)",
				);
				GCC_SYMBOLS_PRIVATE_EXTERN = NO;
				GCC_WARN_64_TO_32_BIT_CONVERSION = YES;
				GCC_WARN_ABOUT_RETURN_TYPE = YES_ERROR;
				GCC_WARN_UNDECLARED_SELECTOR = YES;
				GCC_WARN_UNINITIALIZED_AUTOS = YES_AGGRESSIVE;
				GCC_WARN_UNUSED_FUNCTION = YES;
				GCC_WARN_UNUSED_VARIABLE = YES;
				IPHONEOS_DEPLOYMENT_TARGET = 8.4;
				MTL_ENABLE_DEBUG_INFO = YES;
				ONLY_ACTIVE_ARCH = YES;
				SDKROOT = iphoneos;
				SWIFT_OPTIMIZATION_LEVEL = "-Onone";
			};
			name = Debug;
		};
		06760D671BABC1A200CE0729 /* Release */ = {
			isa = XCBuildConfiguration;
			buildSettings = {
				ALWAYS_SEARCH_USER_PATHS = NO;
				CLANG_CXX_LANGUAGE_STANDARD = "gnu++0x";
				CLANG_CXX_LIBRARY = "libc++";
				CLANG_ENABLE_MODULES = YES;
				CLANG_ENABLE_OBJC_ARC = YES;
				CLANG_WARN_BOOL_CONVERSION = YES;
				CLANG_WARN_CONSTANT_CONVERSION = YES;
				CLANG_WARN_DIRECT_OBJC_ISA_USAGE = YES_ERROR;
				CLANG_WARN_EMPTY_BODY = YES;
				CLANG_WARN_ENUM_CONVERSION = YES;
				CLANG_WARN_INT_CONVERSION = YES;
				CLANG_WARN_OBJC_ROOT_CLASS = YES_ERROR;
				CLANG_WARN_UNREACHABLE_CODE = YES;
				CLANG_WARN__DUPLICATE_METHOD_MATCH = YES;
				"CODE_SIGN_IDENTITY[sdk=iphoneos*]" = "iPhone Developer";
				COPY_PHASE_STRIP = NO;
				DEBUG_INFORMATION_FORMAT = "dwarf-with-dsym";
				ENABLE_NS_ASSERTIONS = NO;
				ENABLE_STRICT_OBJC_MSGSEND = YES;
				GCC_C_LANGUAGE_STANDARD = gnu99;
				GCC_NO_COMMON_BLOCKS = YES;
				GCC_WARN_64_TO_32_BIT_CONVERSION = YES;
				GCC_WARN_ABOUT_RETURN_TYPE = YES_ERROR;
				GCC_WARN_UNDECLARED_SELECTOR = YES;
				GCC_WARN_UNINITIALIZED_AUTOS = YES_AGGRESSIVE;
				GCC_WARN_UNUSED_FUNCTION = YES;
				GCC_WARN_UNUSED_VARIABLE = YES;
				IPHONEOS_DEPLOYMENT_TARGET = 8.4;
				MTL_ENABLE_DEBUG_INFO = NO;
				SDKROOT = iphoneos;
				VALIDATE_PRODUCT = YES;
			};
			name = Release;
		};
		06760D691BABC1A200CE0729 /* Debug */ = {
			isa = XCBuildConfiguration;
			buildSettings = {
				ASSETCATALOG_COMPILER_APPICON_NAME = AppIcon;
				INFOPLIST_FILE = "Bowling Tracker/Info.plist";
				LD_RUNPATH_SEARCH_PATHS = "$(inherited) @executable_path/Frameworks";
				PRODUCT_NAME = "$(TARGET_NAME)";
			};
			name = Debug;
		};
		06760D6A1BABC1A200CE0729 /* Release */ = {
			isa = XCBuildConfiguration;
			buildSettings = {
				ASSETCATALOG_COMPILER_APPICON_NAME = AppIcon;
				INFOPLIST_FILE = "Bowling Tracker/Info.plist";
				LD_RUNPATH_SEARCH_PATHS = "$(inherited) @executable_path/Frameworks";
				PRODUCT_NAME = "$(TARGET_NAME)";
			};
			name = Release;
		};
		06760D6C1BABC1A200CE0729 /* Debug */ = {
			isa = XCBuildConfiguration;
			buildSettings = {
				BUNDLE_LOADER = "$(TEST_HOST)";
				FRAMEWORK_SEARCH_PATHS = (
					"$(SDKROOT)/Developer/Library/Frameworks",
					"$(inherited)",
				);
				GCC_PREPROCESSOR_DEFINITIONS = (
					"DEBUG=1",
					"$(inherited)",
				);
				INFOPLIST_FILE = "Bowling TrackerTests/Info.plist";
				LD_RUNPATH_SEARCH_PATHS = "$(inherited) @executable_path/Frameworks @loader_path/Frameworks";
				PRODUCT_NAME = "$(TARGET_NAME)";
				TEST_HOST = "$(BUILT_PRODUCTS_DIR)/Bowling Tracker.app/Bowling Tracker";
			};
			name = Debug;
		};
		06760D6D1BABC1A200CE0729 /* Release */ = {
			isa = XCBuildConfiguration;
			buildSettings = {
				BUNDLE_LOADER = "$(TEST_HOST)";
				FRAMEWORK_SEARCH_PATHS = (
					"$(SDKROOT)/Developer/Library/Frameworks",
					"$(inherited)",
				);
				INFOPLIST_FILE = "Bowling TrackerTests/Info.plist";
				LD_RUNPATH_SEARCH_PATHS = "$(inherited) @executable_path/Frameworks @loader_path/Frameworks";
				PRODUCT_NAME = "$(TARGET_NAME)";
				TEST_HOST = "$(BUILT_PRODUCTS_DIR)/Bowling Tracker.app/Bowling Tracker";
			};
			name = Release;
		};
/* End XCBuildConfiguration section */

/* Begin XCConfigurationList section */
		06760D441BABC1A200CE0729 /* Build configuration list for PBXProject "Bowling Tracker" */ = {
			isa = XCConfigurationList;
			buildConfigurations = (
				06760D661BABC1A200CE0729 /* Debug */,
				06760D671BABC1A200CE0729 /* Release */,
			);
			defaultConfigurationIsVisible = 0;
			defaultConfigurationName = Release;
		};
		06760D681BABC1A200CE0729 /* Build configuration list for PBXNativeTarget "Bowling Tracker" */ = {
			isa = XCConfigurationList;
			buildConfigurations = (
				06760D691BABC1A200CE0729 /* Debug */,
				06760D6A1BABC1A200CE0729 /* Release */,
			);
			defaultConfigurationIsVisible = 0;
		};
		06760D6B1BABC1A200CE0729 /* Build configuration list for PBXNativeTarget "Bowling TrackerTests" */ = {
			isa = XCConfigurationList;
			buildConfigurations = (
				06760D6C1BABC1A200CE0729 /* Debug */,
				06760D6D1BABC1A200CE0729 /* Release */,
			);
			defaultConfigurationIsVisible = 0;
		};
/* End XCConfigurationList section */
	};
	rootObject = 06760D411BABC1A200CE0729 /* Project object */;
}
